
Microsoft Visual Studio Solution File, Format Version 12.00
# Visual Studio Version 17
VisualStudioVersion = 17.5.002.0
MinimumVisualStudioVersion = 10.0.40219.1
Project("{9A19103F-16F7-4668-BE54-9A1E7A4F7556}") = "Practice To Exam", "Practice To Exam.csproj", "{3B4796CE-0200-4E50-8738-870165F286EE}"
EndProject
Global
	GlobalSection(SolutionConfigurationPlatforms) = preSolution
		Debug|Any CPU = Debug|Any CPU
		Release|Any CPU = Release|Any CPU
	EndGlobalSection
	GlobalSection(ProjectConfigurationPlatforms) = postSolution
		{3B4796CE-0200-4E50-8738-870165F286EE}.Debug|Any CPU.ActiveCfg = Debug|Any CPU
		{3B4796CE-0200-4E50-8738-870165F286EE}.Debug|Any CPU.Build.0 = Debug|Any CPU
		{3B4796CE-0200-4E50-8738-870165F286EE}.Release|Any CPU.ActiveCfg = Release|Any CPU
		{3B4796CE-0200-4E50-8738-870165F286EE}.Release|Any CPU.Build.0 = Release|Any CPU
	EndGlobalSection
	GlobalSection(SolutionProperties) = preSolution
		HideSolutionNode = FALSE
	EndGlobalSection
	GlobalSection(ExtensibilityGlobals) = postSolution
		SolutionGuid = {442A5E15-36BE-4887-9859-4D9E52F43662}
	EndGlobalSection
EndGlobal
